<?xml version="1.0" encoding="utf-8"?>
<Project ToolsVersion="4.0" xmlns="http://schemas.microsoft.com/developer/msbuild/2003">
  <ItemGroup>
    <Filter Include="Source Files">
      <UniqueIdentifier>{4FC737F1-C7A5-4376-A066-2A32D752A2FF}</UniqueIdentifier>
      <Extensions>cpp;c;cxx;def;odl;idl;hpj;bat;asm;asmx</Extensions>
    </Filter>
    <Filter Include="Header Files">
      <UniqueIdentifier>{93995380-89BD-4b04-88EB-625FBE52EBFB}</UniqueIdentifier>
      <Extensions>h;hpp;hxx;hm;inl;inc;xsd</Extensions>
    </Filter>
    <Filter Include="Generated Files">
      <UniqueIdentifier>{71ED8ED8-ACB9-4CE9-BBE1-E00B30144E11}</UniqueIdentifier>
      <Extensions>cpp;c;cxx;moc;h;def;odl;idl;res;</Extensions>
    </Filter>
    <Filter Include="Form Files">
      <UniqueIdentifier>{99349809-55BA-4b9d-BF79-8FDBB0286EB3}</UniqueIdentifier>
      <Extensions>ui</Extensions>
      <ParseFiles>false</ParseFiles>
    </Filter>
    <Filter Include="Resource Files">
      <UniqueIdentifier>{D9D6E242-F8AF-46E4-B9FD-80ECBC20BA3E}</UniqueIdentifier>
      <Extensions>rc;qrc;*</Extensions>
      <ParseFiles>false</ParseFiles>
    </Filter>
    <Filter Include="Generated Files\Debug_Win32">
      <UniqueIdentifier>{60c7588b-e4d5-4b95-b193-c4d3590ef473}</UniqueIdentifier>
      <Extensions>cpp;moc</Extensions>
      <SourceControlFiles>False</SourceControlFiles>
    </Filter>
    <Filter Include="Generated Files\Debug_x64">
      <UniqueIdentifier>{353e2168-7c73-4ea1-b068-976c65bc6430}</UniqueIdentifier>
      <Extensions>cpp;moc</Extensions>
      <SourceControlFiles>False</SourceControlFiles>
    </Filter>
    <Filter Include="Generated Files\Release_Win32">
      <UniqueIdentifier>{5385e082-5e99-422a-b1fc-4f008870fe9e}</UniqueIdentifier>
      <Extensions>cpp;moc</Extensions>
      <SourceControlFiles>False</SourceControlFiles>
    </Filter>
    <Filter Include="Generated Files\Release_x64">
      <UniqueIdentifier>{6f3527b6-ea1b-4483-a3ed-8fb18a43d8ec}</UniqueIdentifier>
      <Extensions>cpp;moc</Extensions>
      <SourceControlFiles>False</SourceControlFiles>
    </Filter>
    <Filter Include="Header Files\Math">
      <UniqueIdentifier>{7bfde3dc-cc46-4c32-bd8a-59c3ea85d7f3}</UniqueIdentifier>
    </Filter>
    <Filter Include="Header Files\Models">
      <UniqueIdentifier>{2f0120f1-f988-41be-8acc-8c8c3a21c3a6}</UniqueIdentifier>
    </Filter>
  </ItemGroup>
  <ItemGroup>
    <ClCompile Include="main.cpp">
      <Filter>Source Files</Filter>
    </ClCompile>
    <ClCompile Include="GeneratedFiles\qrc_resources.cpp">
      <Filter>Generated Files</Filter>
    </ClCompile>
    <ClCompile Include="GeneratedFiles\Debug_Win32\moc_application.cpp">
      <Filter>Generated Files\Debug_Win32</Filter>
    </ClCompile>
    <ClCompile Include="GeneratedFiles\Debug_x64\moc_application.cpp">
      <Filter>Generated Files\Debug_x64</Filter>
    </ClCompile>
    <ClCompile Include="GeneratedFiles\Release_Win32\moc_application.cpp">
      <Filter>Generated Files\Release_Win32</Filter>
    </ClCompile>
    <ClCompile Include="GeneratedFiles\Release_x64\moc_application.cpp">
      <Filter>Generated Files\Release_x64</Filter>
    </ClCompile>
    <ClCompile Include="application.cpp">
      <Filter>Source Files</Filter>
    </ClCompile>
    <ClCompile Include="MPQ.cpp">
      <Filter>Source Files</Filter>
    </ClCompile>
    <ClCompile Include="Settings_Main.cpp">
      <Filter>Source Files</Filter>
    </ClCompile>
  </ItemGroup>
  <ItemGroup>
    <ClInclude Include="enums.h">
      <Filter>Header Files</Filter>
    </ClInclude>
    <ClInclude Include="ui_Main_Window_Viewer.h">
      <Filter>Generated Files</Filter>
    </ClInclude>
    <ClInclude Include="math\math_base.h">
      <Filter>Header Files\Math</Filter>
    </ClInclude>
    <ClInclude Include="math\math_constants.h">
      <Filter>Header Files\Math</Filter>
    </ClInclude>
    <ClInclude Include="math\math_matrix.h">
      <Filter>Header Files\Math</Filter>
    </ClInclude>
    <ClInclude Include="math\math_quaternion.h">
      <Filter>Header Files\Math</Filter>
    </ClInclude>
    <ClInclude Include="math\math_vector.h">
      <Filter>Header Files\Math</Filter>
    </ClInclude>
    <ClInclude Include="Models\Model_M2_v00.h">
      <Filter>Header Files\Models</Filter>
    </ClInclude>
    <ClInclude Include="Models\Model_M2_v04.h">
      <Filter>Header Files\Models</Filter>
    </ClInclude>
    <ClInclude Include="Models\Model_M2_v08.h">
      <Filter>Header Files\Models</Filter>
    </ClInclude>
    <ClInclude Include="Models\Model_M2_v09.h">
      <Filter>Header Files\Models</Filter>
    </ClInclude>
    <ClInclude Include="Models\Model_M2_v10.h">
      <Filter>Header Files\Models</Filter>
    </ClInclude>
    <ClInclude Include="Models\Model_WMO_v17.h">
      <Filter>Header Files\Models</Filter>
    </ClInclude>
    <ClInclude Include="models\Model_ADT_v18.h">
      <Filter>Header Files\Models</Filter>
    </ClInclude>
    <ClInclude Include="Model_M2.h">
      <Filter>Header Files</Filter>
    </ClInclude>
    <ClInclude Include="Model_ADT.h">
      <Filter>Header Files</Filter>
    </ClInclude>
    <ClInclude Include="Model_WMO.h">
      <Filter>Header Files</Filter>
    </ClInclude>
    <ClInclude Include="ui_About.h">
      <Filter>Generated Files</Filter>
    </ClInclude>
    <ClInclude Include="resource.h">
      <Filter>Header Files</Filter>
    </ClInclude>
    <ClInclude Include="version.h">
      <Filter>Header Files</Filter>
    </ClInclude>
    <ClInclude Include="MPQ.h">
      <Filter>Header Files</Filter>
    </ClInclude>
    <ClInclude Include="Settings_Main.h">
      <Filter>Header Files</Filter>
    </ClInclude>
  </ItemGroup>
  <ItemGroup>
    <CustomBuild Include="resources.qrc">
      <Filter>Resource Files</Filter>
    </CustomBuild>
    <CustomBuild Include="Main_Window_Viewer.ui">
      <Filter>Form Files</Filter>
    </CustomBuild>
    <CustomBuild Include="application.h">
      <Filter>Header Files</Filter>
    </CustomBuild>
    <CustomBuild Include="About.ui">
      <Filter>Form Files</Filter>
    </CustomBuild>
  </ItemGroup>
  <ItemGroup>
    <ResourceCompile Include="resources.rc">
      <Filter>Resource Files</Filter>
    </ResourceCompile>
  </ItemGroup>
</Project>