
Microsoft Visual Studio Solution File, Format Version 10.00
# Visual C++ Express 2008
Project("{8BC9CEB8-8B4A-11D0-8D11-00A0C91BC942}") = "wowmodelview", "wowmodelview.vcproj", "{DCA0C667-2A7A-4FCE-AD02-466F7A380E0C}"
	ProjectSection(ProjectDependencies) = postProject
		{D3F9754D-071C-4E58-847B-DDE9D564EF72} = {D3F9754D-071C-4E58-847B-DDE9D564EF72}
		{EE3A42DD-81C7-48DE-A0E2-393F0B7F6558} = {EE3A42DD-81C7-48DE-A0E2-393F0B7F6558}
		{66C8E8E9-3F46-4A57-B6B2-0B10D04BA1CF} = {66C8E8E9-3F46-4A57-B6B2-0B10D04BA1CF}
		{2A70CBF0-847E-4E3A-B926-542A656DC7FE} = {2A70CBF0-847E-4E3A-B926-542A656DC7FE}
	EndProjectSection
EndProject
Project("{8BC9CEB8-8B4A-11D0-8D11-00A0C91BC942}") = "zlib", "zlib\zlib.vcproj", "{D3F9754D-071C-4E58-847B-DDE9D564EF72}"
EndProject
Project("{8BC9CEB8-8B4A-11D0-8D11-00A0C91BC942}") = "bzip2", "bzip2\bzip2.vcproj", "{2A70CBF0-847E-4E3A-B926-542A656DC7FE}"
EndProject
Project("{8BC9CEB8-8B4A-11D0-8D11-00A0C91BC942}") = "libmpq", "libmpq\libmpq.vcproj", "{EE3A42DD-81C7-48DE-A0E2-393F0B7F6558}"
EndProject
Project("{8BC9CEB8-8B4A-11D0-8D11-00A0C91BC942}") = "wxregex", "wx\build\msw\wx_wxregex.vcproj", "{497188A3-436C-445D-BE18-80667F11EB75}"
EndProject
Project("{8BC9CEB8-8B4A-11D0-8D11-00A0C91BC942}") = "wxzlib", "wx\build\msw\wx_wxzlib.vcproj", "{A811B0C4-440C-4771-949C-8FD515FF6D34}"
EndProject
Project("{8BC9CEB8-8B4A-11D0-8D11-00A0C91BC942}") = "wxpng", "wx\build\msw\wx_wxpng.vcproj", "{99E29FAB-D3D6-4F34-B895-E7D4AD33C932}"
EndProject
Project("{8BC9CEB8-8B4A-11D0-8D11-00A0C91BC942}") = "wxjpeg", "wx\build\msw\wx_wxjpeg.vcproj", "{F714B3FE-BAD3-405A-99ED-D8074E18295D}"
EndProject
Project("{8BC9CEB8-8B4A-11D0-8D11-00A0C91BC942}") = "wxtiff", "wx\build\msw\wx_wxtiff.vcproj", "{4C8C28BB-4A63-4621-8B23-C854DAF4A6DC}"
EndProject
Project("{8BC9CEB8-8B4A-11D0-8D11-00A0C91BC942}") = "wxexpat", "wx\build\msw\wx_wxexpat.vcproj", "{C8679A3D-084A-4CD8-BFD2-13C451473E2D}"
EndProject
Project("{8BC9CEB8-8B4A-11D0-8D11-00A0C91BC942}") = "base", "wx\build\msw\wx_base.vcproj", "{66C8E8E9-3F46-4A57-B6B2-0B10D04BA1CF}"
EndProject
Project("{8BC9CEB8-8B4A-11D0-8D11-00A0C91BC942}") = "net", "wx\build\msw\wx_net.vcproj", "{D8D22F81-BF18-4967-85DE-18C75739E53F}"
EndProject
Project("{8BC9CEB8-8B4A-11D0-8D11-00A0C91BC942}") = "core", "wx\build\msw\wx_core.vcproj", "{0B377801-42BE-4EBE-BDF7-38022101BC26}"
EndProject
Project("{8BC9CEB8-8B4A-11D0-8D11-00A0C91BC942}") = "adv", "wx\build\msw\wx_adv.vcproj", "{B4F41AE8-8A2A-4975-8E4E-1C87BC9D81ED}"
EndProject
Project("{8BC9CEB8-8B4A-11D0-8D11-00A0C91BC942}") = "media", "wx\build\msw\wx_media.vcproj", "{C41A0E55-1F88-495D-8146-5EAC674866C2}"
EndProject
Project("{8BC9CEB8-8B4A-11D0-8D11-00A0C91BC942}") = "odbc", "wx\build\msw\wx_odbc.vcproj", "{9A54957B-F844-4739-A592-B00F8C16D7E4}"
EndProject
Project("{8BC9CEB8-8B4A-11D0-8D11-00A0C91BC942}") = "dbgrid", "wx\build\msw\wx_dbgrid.vcproj", "{54523BE0-0841-4C89-B3E1-0C446AEBEA48}"
EndProject
Project("{8BC9CEB8-8B4A-11D0-8D11-00A0C91BC942}") = "html", "wx\build\msw\wx_html.vcproj", "{7A6B2158-EF75-4961-B6CC-20A0B0A59FDE}"
EndProject
Project("{8BC9CEB8-8B4A-11D0-8D11-00A0C91BC942}") = "qa", "wx\build\msw\wx_qa.vcproj", "{44A50CC8-6EBD-4113-ABF6-6A4C81D5F052}"
EndProject
Project("{8BC9CEB8-8B4A-11D0-8D11-00A0C91BC942}") = "xml", "wx\build\msw\wx_xml.vcproj", "{60ADFF2E-64E6-468B-B1A1-FBC125F423BC}"
EndProject
Project("{8BC9CEB8-8B4A-11D0-8D11-00A0C91BC942}") = "xrc", "wx\build\msw\wx_xrc.vcproj", "{951D26C4-385C-44DC-8D36-B0DD66338EF8}"
EndProject
Project("{8BC9CEB8-8B4A-11D0-8D11-00A0C91BC942}") = "aui", "wx\build\msw\wx_aui.vcproj", "{8AAAE6DD-8380-4FC1-9F05-D1D60907CAF5}"
EndProject
Project("{8BC9CEB8-8B4A-11D0-8D11-00A0C91BC942}") = "richtext", "wx\build\msw\wx_richtext.vcproj", "{9D87FEAB-81AD-4A04-B269-07C3DA221A5C}"
EndProject
Project("{8BC9CEB8-8B4A-11D0-8D11-00A0C91BC942}") = "gl", "wx\build\msw\wx_gl.vcproj", "{99A85E75-FB11-4746-9B21-940791594E15}"
EndProject
Project("{8BC9CEB8-8B4A-11D0-8D11-00A0C91BC942}") = "glew_static", "glew\build\vc6\glew_static.vcproj", "{97668D1A-BB52-4B77-8668-CF71B8E257FB}"
EndProject
Project("{8BC9CEB8-8B4A-11D0-8D11-00A0C91BC942}") = "glew_shared", "glew\build\vc6\glew_shared.vcproj", "{9D92BED5-F738-4B9B-9CE8-A4D427263277}"
EndProject
Project("{8BC9CEB8-8B4A-11D0-8D11-00A0C91BC942}") = "glewinfo", "glew\build\vc6\glewinfo.vcproj", "{64284FA9-C34B-4144-BB71-A75D8F71A7EA}"
EndProject
Project("{8BC9CEB8-8B4A-11D0-8D11-00A0C91BC942}") = "visualinfo", "glew\build\vc6\visualinfo.vcproj", "{54921A53-F59F-431D-9D70-19801DAD760F}"
EndProject
Global
	GlobalSection(SolutionConfigurationPlatforms) = preSolution
		Debug|Win32 = Debug|Win32
		Release|Win32 = Release|Win32
	EndGlobalSection
	GlobalSection(ProjectConfigurationPlatforms) = postSolution
		{DCA0C667-2A7A-4FCE-AD02-466F7A380E0C}.Debug|Win32.ActiveCfg = Debug|Win32
		{DCA0C667-2A7A-4FCE-AD02-466F7A380E0C}.Debug|Win32.Build.0 = Debug|Win32
		{DCA0C667-2A7A-4FCE-AD02-466F7A380E0C}.Release|Win32.ActiveCfg = Release|Win32
		{DCA0C667-2A7A-4FCE-AD02-466F7A380E0C}.Release|Win32.Build.0 = Release|Win32
		{D3F9754D-071C-4E58-847B-DDE9D564EF72}.Debug|Win32.ActiveCfg = Debug|Win32
		{D3F9754D-071C-4E58-847B-DDE9D564EF72}.Debug|Win32.Build.0 = Debug|Win32
		{D3F9754D-071C-4E58-847B-DDE9D564EF72}.Release|Win32.ActiveCfg = Release|Win32
		{D3F9754D-071C-4E58-847B-DDE9D564EF72}.Release|Win32.Build.0 = Release|Win32
		{2A70CBF0-847E-4E3A-B926-542A656DC7FE}.Debug|Win32.ActiveCfg = Debug|Win32
		{2A70CBF0-847E-4E3A-B926-542A656DC7FE}.Debug|Win32.Build.0 = Debug|Win32
		{2A70CBF0-847E-4E3A-B926-542A656DC7FE}.Release|Win32.ActiveCfg = Release|Win32
		{2A70CBF0-847E-4E3A-B926-542A656DC7FE}.Release|Win32.Build.0 = Release|Win32
		{EE3A42DD-81C7-48DE-A0E2-393F0B7F6558}.Debug|Win32.ActiveCfg = Debug|Win32
		{EE3A42DD-81C7-48DE-A0E2-393F0B7F6558}.Debug|Win32.Build.0 = Debug|Win32
		{EE3A42DD-81C7-48DE-A0E2-393F0B7F6558}.Release|Win32.ActiveCfg = Release|Win32
		{EE3A42DD-81C7-48DE-A0E2-393F0B7F6558}.Release|Win32.Build.0 = Release|Win32
		{497188A3-436C-445D-BE18-80667F11EB75}.Debug|Win32.ActiveCfg = Debug|Win32
		{497188A3-436C-445D-BE18-80667F11EB75}.Debug|Win32.Build.0 = Debug|Win32
		{497188A3-436C-445D-BE18-80667F11EB75}.Release|Win32.ActiveCfg = Release|Win32
		{497188A3-436C-445D-BE18-80667F11EB75}.Release|Win32.Build.0 = Release|Win32
		{A811B0C4-440C-4771-949C-8FD515FF6D34}.Debug|Win32.ActiveCfg = Debug|Win32
		{A811B0C4-440C-4771-949C-8FD515FF6D34}.Debug|Win32.Build.0 = Debug|Win32
		{A811B0C4-440C-4771-949C-8FD515FF6D34}.Release|Win32.ActiveCfg = Release|Win32
		{A811B0C4-440C-4771-949C-8FD515FF6D34}.Release|Win32.Build.0 = Release|Win32
		{99E29FAB-D3D6-4F34-B895-E7D4AD33C932}.Debug|Win32.ActiveCfg = Debug|Win32
		{99E29FAB-D3D6-4F34-B895-E7D4AD33C932}.Debug|Win32.Build.0 = Debug|Win32
		{99E29FAB-D3D6-4F34-B895-E7D4AD33C932}.Release|Win32.ActiveCfg = Release|Win32
		{99E29FAB-D3D6-4F34-B895-E7D4AD33C932}.Release|Win32.Build.0 = Release|Win32
		{F714B3FE-BAD3-405A-99ED-D8074E18295D}.Debug|Win32.ActiveCfg = Debug|Win32
		{F714B3FE-BAD3-405A-99ED-D8074E18295D}.Debug|Win32.Build.0 = Debug|Win32
		{F714B3FE-BAD3-405A-99ED-D8074E18295D}.Release|Win32.ActiveCfg = Release|Win32
		{F714B3FE-BAD3-405A-99ED-D8074E18295D}.Release|Win32.Build.0 = Release|Win32
		{4C8C28BB-4A63-4621-8B23-C854DAF4A6DC}.Debug|Win32.ActiveCfg = Debug|Win32
		{4C8C28BB-4A63-4621-8B23-C854DAF4A6DC}.Debug|Win32.Build.0 = Debug|Win32
		{4C8C28BB-4A63-4621-8B23-C854DAF4A6DC}.Release|Win32.ActiveCfg = Release|Win32
		{4C8C28BB-4A63-4621-8B23-C854DAF4A6DC}.Release|Win32.Build.0 = Release|Win32
		{C8679A3D-084A-4CD8-BFD2-13C451473E2D}.Debug|Win32.ActiveCfg = Debug|Win32
		{C8679A3D-084A-4CD8-BFD2-13C451473E2D}.Debug|Win32.Build.0 = Debug|Win32
		{C8679A3D-084A-4CD8-BFD2-13C451473E2D}.Release|Win32.ActiveCfg = Release|Win32
		{C8679A3D-084A-4CD8-BFD2-13C451473E2D}.Release|Win32.Build.0 = Release|Win32
		{66C8E8E9-3F46-4A57-B6B2-0B10D04BA1CF}.Debug|Win32.ActiveCfg = Debug|Win32
		{66C8E8E9-3F46-4A57-B6B2-0B10D04BA1CF}.Debug|Win32.Build.0 = Debug|Win32
		{66C8E8E9-3F46-4A57-B6B2-0B10D04BA1CF}.Release|Win32.ActiveCfg = Release|Win32
		{66C8E8E9-3F46-4A57-B6B2-0B10D04BA1CF}.Release|Win32.Build.0 = Release|Win32
		{D8D22F81-BF18-4967-85DE-18C75739E53F}.Debug|Win32.ActiveCfg = Debug|Win32
		{D8D22F81-BF18-4967-85DE-18C75739E53F}.Debug|Win32.Build.0 = Debug|Win32
		{D8D22F81-BF18-4967-85DE-18C75739E53F}.Release|Win32.ActiveCfg = Release|Win32
		{D8D22F81-BF18-4967-85DE-18C75739E53F}.Release|Win32.Build.0 = Release|Win32
		{0B377801-42BE-4EBE-BDF7-38022101BC26}.Debug|Win32.ActiveCfg = Debug|Win32
		{0B377801-42BE-4EBE-BDF7-38022101BC26}.Debug|Win32.Build.0 = Debug|Win32
		{0B377801-42BE-4EBE-BDF7-38022101BC26}.Release|Win32.ActiveCfg = Release|Win32
		{0B377801-42BE-4EBE-BDF7-38022101BC26}.Release|Win32.Build.0 = Release|Win32
		{B4F41AE8-8A2A-4975-8E4E-1C87BC9D81ED}.Debug|Win32.ActiveCfg = Debug|Win32
		{B4F41AE8-8A2A-4975-8E4E-1C87BC9D81ED}.Debug|Win32.Build.0 = Debug|Win32
		{B4F41AE8-8A2A-4975-8E4E-1C87BC9D81ED}.Release|Win32.ActiveCfg = Release|Win32
		{B4F41AE8-8A2A-4975-8E4E-1C87BC9D81ED}.Release|Win32.Build.0 = Release|Win32
		{C41A0E55-1F88-495D-8146-5EAC674866C2}.Debug|Win32.ActiveCfg = Debug|Win32
		{C41A0E55-1F88-495D-8146-5EAC674866C2}.Debug|Win32.Build.0 = Debug|Win32
		{C41A0E55-1F88-495D-8146-5EAC674866C2}.Release|Win32.ActiveCfg = Release|Win32
		{C41A0E55-1F88-495D-8146-5EAC674866C2}.Release|Win32.Build.0 = Release|Win32
		{9A54957B-F844-4739-A592-B00F8C16D7E4}.Debug|Win32.ActiveCfg = Debug|Win32
		{9A54957B-F844-4739-A592-B00F8C16D7E4}.Debug|Win32.Build.0 = Debug|Win32
		{9A54957B-F844-4739-A592-B00F8C16D7E4}.Release|Win32.ActiveCfg = Release|Win32
		{9A54957B-F844-4739-A592-B00F8C16D7E4}.Release|Win32.Build.0 = Release|Win32
		{54523BE0-0841-4C89-B3E1-0C446AEBEA48}.Debug|Win32.ActiveCfg = Debug|Win32
		{54523BE0-0841-4C89-B3E1-0C446AEBEA48}.Debug|Win32.Build.0 = Debug|Win32
		{54523BE0-0841-4C89-B3E1-0C446AEBEA48}.Release|Win32.ActiveCfg = Release|Win32
		{54523BE0-0841-4C89-B3E1-0C446AEBEA48}.Release|Win32.Build.0 = Release|Win32
		{7A6B2158-EF75-4961-B6CC-20A0B0A59FDE}.Debug|Win32.ActiveCfg = Debug|Win32
		{7A6B2158-EF75-4961-B6CC-20A0B0A59FDE}.Debug|Win32.Build.0 = Debug|Win32
		{7A6B2158-EF75-4961-B6CC-20A0B0A59FDE}.Release|Win32.ActiveCfg = Release|Win32
		{7A6B2158-EF75-4961-B6CC-20A0B0A59FDE}.Release|Win32.Build.0 = Release|Win32
		{44A50CC8-6EBD-4113-ABF6-6A4C81D5F052}.Debug|Win32.ActiveCfg = Debug|Win32
		{44A50CC8-6EBD-4113-ABF6-6A4C81D5F052}.Debug|Win32.Build.0 = Debug|Win32
		{44A50CC8-6EBD-4113-ABF6-6A4C81D5F052}.Release|Win32.ActiveCfg = Release|Win32
		{44A50CC8-6EBD-4113-ABF6-6A4C81D5F052}.Release|Win32.Build.0 = Release|Win32
		{60ADFF2E-64E6-468B-B1A1-FBC125F423BC}.Debug|Win32.ActiveCfg = Debug|Win32
		{60ADFF2E-64E6-468B-B1A1-FBC125F423BC}.Debug|Win32.Build.0 = Debug|Win32
		{60ADFF2E-64E6-468B-B1A1-FBC125F423BC}.Release|Win32.ActiveCfg = Release|Win32
		{60ADFF2E-64E6-468B-B1A1-FBC125F423BC}.Release|Win32.Build.0 = Release|Win32
		{951D26C4-385C-44DC-8D36-B0DD66338EF8}.Debug|Win32.ActiveCfg = Debug|Win32
		{951D26C4-385C-44DC-8D36-B0DD66338EF8}.Debug|Win32.Build.0 = Debug|Win32
		{951D26C4-385C-44DC-8D36-B0DD66338EF8}.Release|Win32.ActiveCfg = Release|Win32
		{951D26C4-385C-44DC-8D36-B0DD66338EF8}.Release|Win32.Build.0 = Release|Win32
		{8AAAE6DD-8380-4FC1-9F05-D1D60907CAF5}.Debug|Win32.ActiveCfg = Debug|Win32
		{8AAAE6DD-8380-4FC1-9F05-D1D60907CAF5}.Debug|Win32.Build.0 = Debug|Win32
		{8AAAE6DD-8380-4FC1-9F05-D1D60907CAF5}.Release|Win32.ActiveCfg = Release|Win32
		{8AAAE6DD-8380-4FC1-9F05-D1D60907CAF5}.Release|Win32.Build.0 = Release|Win32
		{9D87FEAB-81AD-4A04-B269-07C3DA221A5C}.Debug|Win32.ActiveCfg = Debug|Win32
		{9D87FEAB-81AD-4A04-B269-07C3DA221A5C}.Debug|Win32.Build.0 = Debug|Win32
		{9D87FEAB-81AD-4A04-B269-07C3DA221A5C}.Release|Win32.ActiveCfg = Release|Win32
		{9D87FEAB-81AD-4A04-B269-07C3DA221A5C}.Release|Win32.Build.0 = Release|Win32
		{99A85E75-FB11-4746-9B21-940791594E15}.Debug|Win32.ActiveCfg = Debug|Win32
		{99A85E75-FB11-4746-9B21-940791594E15}.Debug|Win32.Build.0 = Debug|Win32
		{99A85E75-FB11-4746-9B21-940791594E15}.Release|Win32.ActiveCfg = Release|Win32
		{99A85E75-FB11-4746-9B21-940791594E15}.Release|Win32.Build.0 = Release|Win32
		{97668D1A-BB52-4B77-8668-CF71B8E257FB}.Debug|Win32.ActiveCfg = Debug|Win32
		{97668D1A-BB52-4B77-8668-CF71B8E257FB}.Debug|Win32.Build.0 = Debug|Win32
		{97668D1A-BB52-4B77-8668-CF71B8E257FB}.Release|Win32.ActiveCfg = Release|Win32
		{97668D1A-BB52-4B77-8668-CF71B8E257FB}.Release|Win32.Build.0 = Release|Win32
		{9D92BED5-F738-4B9B-9CE8-A4D427263277}.Debug|Win32.ActiveCfg = Debug|Win32
		{9D92BED5-F738-4B9B-9CE8-A4D427263277}.Debug|Win32.Build.0 = Debug|Win32
		{9D92BED5-F738-4B9B-9CE8-A4D427263277}.Release|Win32.ActiveCfg = Release|Win32
		{9D92BED5-F738-4B9B-9CE8-A4D427263277}.Release|Win32.Build.0 = Release|Win32
		{64284FA9-C34B-4144-BB71-A75D8F71A7EA}.Debug|Win32.ActiveCfg = Debug|Win32
		{64284FA9-C34B-4144-BB71-A75D8F71A7EA}.Debug|Win32.Build.0 = Debug|Win32
		{64284FA9-C34B-4144-BB71-A75D8F71A7EA}.Release|Win32.ActiveCfg = Release|Win32
		{64284FA9-C34B-4144-BB71-A75D8F71A7EA}.Release|Win32.Build.0 = Release|Win32
		{54921A53-F59F-431D-9D70-19801DAD760F}.Debug|Win32.ActiveCfg = Debug|Win32
		{54921A53-F59F-431D-9D70-19801DAD760F}.Debug|Win32.Build.0 = Debug|Win32
		{54921A53-F59F-431D-9D70-19801DAD760F}.Release|Win32.ActiveCfg = Release|Win32
		{54921A53-F59F-431D-9D70-19801DAD760F}.Release|Win32.Build.0 = Release|Win32
	EndGlobalSection
	GlobalSection(SolutionProperties) = preSolution
		HideSolutionNode = FALSE
	EndGlobalSection
EndGlobal
